
Microsoft Visual Studio Solution File, Format Version 12.00
# Visual Studio Version 17
VisualStudioVersion = 17.0.31808.319
MinimumVisualStudioVersion = 10.0.40219.1
Project("{FAE04EC0-301F-11D3-BF4B-00C04F79EFBC}") = "DSandPS", "DSandPS.csproj", "{835AE104-609B-401E-9B5B-62A3ED15B500}"
EndProject
Project("{FAE04EC0-301F-11D3-BF4B-00C04F79EFBC}") = "VSOQuery", "..\VSOQuery\VSOQuery.csproj", "{B9432F1D-EF60-4E86-8AA8-68CE22307C87}"
EndProject
Global
	GlobalSection(SolutionConfigurationPlatforms) = preSolution
		Debug|Any CPU = Debug|Any CPU
		Release|Any CPU = Release|Any CPU
	EndGlobalSection
	GlobalSection(ProjectConfigurationPlatforms) = postSolution
		{835AE104-609B-401E-9B5B-62A3ED15B500}.Debug|Any CPU.ActiveCfg = Debug|Any CPU
		{835AE104-609B-401E-9B5B-62A3ED15B500}.Debug|Any CPU.Build.0 = Debug|Any CPU
		{835AE104-609B-401E-9B5B-62A3ED15B500}.Release|Any CPU.ActiveCfg = Release|Any CPU
		{835AE104-609B-401E-9B5B-62A3ED15B500}.Release|Any CPU.Build.0 = Release|Any CPU
		{B9432F1D-EF60-4E86-8AA8-68CE22307C87}.Debug|Any CPU.ActiveCfg = Debug|Any CPU
		{B9432F1D-EF60-4E86-8AA8-68CE22307C87}.Debug|Any CPU.Build.0 = Debug|Any CPU
		{B9432F1D-EF60-4E86-8AA8-68CE22307C87}.Release|Any CPU.ActiveCfg = Release|Any CPU
		{B9432F1D-EF60-4E86-8AA8-68CE22307C87}.Release|Any CPU.Build.0 = Release|Any CPU
	EndGlobalSection
	GlobalSection(SolutionProperties) = preSolution
		HideSolutionNode = FALSE
	EndGlobalSection
	GlobalSection(ExtensibilityGlobals) = postSolution
		SolutionGuid = {95D9F281-0C67-43E0-AB2E-57E3C3C5DA3B}
	EndGlobalSection
EndGlobal
